// !$*UTF8*$!
{
	archiveVersion = 1;
	classes = {
	};
	objectVersion = 56;
	objects = {

/* Begin PBXBuildFile section */
		A12592E42A30F23000945792 /* CatView.xib in Resources */ = {isa = PBXBuildFile; fileRef = A12592E32A30F23000945792 /* CatView.xib */; };
		A12592E72A30F57700945792 /* CatBusiness.swift in Sources */ = {isa = PBXBuildFile; fileRef = A12592E62A30F57700945792 /* CatBusiness.swift */; };
		A14CC5262A30E57700B5FEC8 /* AppDelegate.swift in Sources */ = {isa = PBXBuildFile; fileRef = A14CC5252A30E57700B5FEC8 /* AppDelegate.swift */; };
		A14CC5282A30E57700B5FEC8 /* SceneDelegate.swift in Sources */ = {isa = PBXBuildFile; fileRef = A14CC5272A30E57700B5FEC8 /* SceneDelegate.swift */; };
		A14CC52A2A30E57700B5FEC8 /* ViewController.swift in Sources */ = {isa = PBXBuildFile; fileRef = A14CC5292A30E57700B5FEC8 /* ViewController.swift */; };
		A14CC52D2A30E57700B5FEC8 /* Main.storyboard in Resources */ = {isa = PBXBuildFile; fileRef = A14CC52B2A30E57700B5FEC8 /* Main.storyboard */; };
		A14CC52F2A30E57A00B5FEC8 /* Assets.xcassets in Resources */ = {isa = PBXBuildFile; fileRef = A14CC52E2A30E57A00B5FEC8 /* Assets.xcassets */; };
		A14CC5322A30E57A00B5FEC8 /* LaunchScreen.storyboard in Resources */ = {isa = PBXBuildFile; fileRef = A14CC5302A30E57A00B5FEC8 /* LaunchScreen.storyboard */; };
		A14CC53D2A30EB5C00B5FEC8 /* CatView.swift in Sources */ = {isa = PBXBuildFile; fileRef = A14CC53C2A30EB5C00B5FEC8 /* CatView.swift */; };
		A14CC5402A30ED5F00B5FEC8 /* Cat.swift in Sources */ = {isa = PBXBuildFile; fileRef = A14CC53F2A30ED5F00B5FEC8 /* Cat.swift */; };
		A14CC5472A30EE5A00B5FEC8 /* NetworkManager.swift in Sources */ = {isa = PBXBuildFile; fileRef = A14CC5462A30EE5A00B5FEC8 /* NetworkManager.swift */; };
		A14CC5492A30EF7B00B5FEC8 /* CustomError.swift in Sources */ = {isa = PBXBuildFile; fileRef = A14CC5482A30EF7B00B5FEC8 /* CustomError.swift */; };
		A14CC54B2A30F02700B5FEC8 /* MainViewModel.swift in Sources */ = {isa = PBXBuildFile; fileRef = A14CC54A2A30F02700B5FEC8 /* MainViewModel.swift */; };
		A6350E3620F3AFAEAD3DDE8F /* Pods_Prueba_pragma.framework in Frameworks */ = {isa = PBXBuildFile; fileRef = 68E199DE32A3B7401E5E3038 /* Pods_Prueba_pragma.framework */; };
/* End PBXBuildFile section */

/* Begin PBXFileReference section */
		68E199DE32A3B7401E5E3038 /* Pods_Prueba_pragma.framework */ = {isa = PBXFileReference; explicitFileType = wrapper.framework; includeInIndex = 0; path = Pods_Prueba_pragma.framework; sourceTree = BUILT_PRODUCTS_DIR; };
		A12592E32A30F23000945792 /* CatView.xib */ = {isa = PBXFileReference; fileEncoding = 4; lastKnownFileType = file.xib; path = CatView.xib; sourceTree = "<group>"; };
		A12592E62A30F57700945792 /* CatBusiness.swift */ = {isa = PBXFileReference; lastKnownFileType = sourcecode.swift; path = CatBusiness.swift; sourceTree = "<group>"; };
		A14CC5222A30E57700B5FEC8 /* Prueba pragma.app */ = {isa = PBXFileReference; explicitFileType = wrapper.application; includeInIndex = 0; path = "Prueba pragma.app"; sourceTree = BUILT_PRODUCTS_DIR; };
		A14CC5252A30E57700B5FEC8 /* AppDelegate.swift */ = {isa = PBXFileReference; lastKnownFileType = sourcecode.swift; path = AppDelegate.swift; sourceTree = "<group>"; };
		A14CC5272A30E57700B5FEC8 /* SceneDelegate.swift */ = {isa = PBXFileReference; lastKnownFileType = sourcecode.swift; path = SceneDelegate.swift; sourceTree = "<group>"; };
		A14CC5292A30E57700B5FEC8 /* ViewController.swift */ = {isa = PBXFileReference; lastKnownFileType = sourcecode.swift; path = ViewController.swift; sourceTree = "<group>"; };
		A14CC52C2A30E57700B5FEC8 /* Base */ = {isa = PBXFileReference; lastKnownFileType = file.storyboard; name = Base; path = Base.lproj/Main.storyboard; sourceTree = "<group>"; };
		A14CC52E2A30E57A00B5FEC8 /* Assets.xcassets */ = {isa = PBXFileReference; lastKnownFileType = folder.assetcatalog; path = Assets.xcassets; sourceTree = "<group>"; };
		A14CC5312A30E57A00B5FEC8 /* Base */ = {isa = PBXFileReference; lastKnownFileType = file.storyboard; name = Base; path = Base.lproj/LaunchScreen.storyboard; sourceTree = "<group>"; };
		A14CC5332A30E57A00B5FEC8 /* Info.plist */ = {isa = PBXFileReference; lastKnownFileType = text.plist.xml; path = Info.plist; sourceTree = "<group>"; };
		A14CC53C2A30EB5C00B5FEC8 /* CatView.swift */ = {isa = PBXFileReference; lastKnownFileType = sourcecode.swift; path = CatView.swift; sourceTree = "<group>"; };
		A14CC53F2A30ED5F00B5FEC8 /* Cat.swift */ = {isa = PBXFileReference; lastKnownFileType = sourcecode.swift; path = Cat.swift; sourceTree = "<group>"; };
		A14CC5462A30EE5A00B5FEC8 /* NetworkManager.swift */ = {isa = PBXFileReference; lastKnownFileType = sourcecode.swift; path = NetworkManager.swift; sourceTree = "<group>"; };
		A14CC5482A30EF7B00B5FEC8 /* CustomError.swift */ = {isa = PBXFileReference; lastKnownFileType = sourcecode.swift; path = CustomError.swift; sourceTree = "<group>"; };
		A14CC54A2A30F02700B5FEC8 /* MainViewModel.swift */ = {isa = PBXFileReference; lastKnownFileType = sourcecode.swift; path = MainViewModel.swift; sourceTree = "<group>"; };
		B2EEE96783DE40FF2659128D /* Pods-Prueba pragma.debug.xcconfig */ = {isa = PBXFileReference; includeInIndex = 1; lastKnownFileType = text.xcconfig; name = "Pods-Prueba pragma.debug.xcconfig"; path = "Target Support Files/Pods-Prueba pragma/Pods-Prueba pragma.debug.xcconfig"; sourceTree = "<group>"; };
		C19CDD8EBC9047FFAFAB791F /* Pods-Prueba pragma.release.xcconfig */ = {isa = PBXFileReference; includeInIndex = 1; lastKnownFileType = text.xcconfig; name = "Pods-Prueba pragma.release.xcconfig"; path = "Target Support Files/Pods-Prueba pragma/Pods-Prueba pragma.release.xcconfig"; sourceTree = "<group>"; };
/* End PBXFileReference section */

/* Begin PBXFrameworksBuildPhase section */
		A14CC51F2A30E57700B5FEC8 /* Frameworks */ = {
			isa = PBXFrameworksBuildPhase;
			buildActionMask = 2147483647;
			files = (
				A6350E3620F3AFAEAD3DDE8F /* Pods_Prueba_pragma.framework in Frameworks */,
			);
			runOnlyForDeploymentPostprocessing = 0;
		};
/* End PBXFrameworksBuildPhase section */

/* Begin PBXGroup section */
		056B1A61569128210B02ADF2 /* Frameworks */ = {
			isa = PBXGroup;
			children = (
				68E199DE32A3B7401E5E3038 /* Pods_Prueba_pragma.framework */,
			);
			name = Frameworks;
			sourceTree = "<group>";
		};
		8DB45CD38D67C6555C3DEEA1 /* Pods */ = {
			isa = PBXGroup;
			children = (
				B2EEE96783DE40FF2659128D /* Pods-Prueba pragma.debug.xcconfig */,
				C19CDD8EBC9047FFAFAB791F /* Pods-Prueba pragma.release.xcconfig */,
			);
			path = Pods;
			sourceTree = "<group>";
		};
		A12592E52A30F56A00945792 /* Business */ = {
			isa = PBXGroup;
			children = (
				A12592E62A30F57700945792 /* CatBusiness.swift */,
			);
			path = Business;
			sourceTree = "<group>";
		};
		A14CC5192A30E57700B5FEC8 = {
			isa = PBXGroup;
			children = (
				A14CC5242A30E57700B5FEC8 /* Prueba pragma */,
				A14CC5232A30E57700B5FEC8 /* Products */,
				8DB45CD38D67C6555C3DEEA1 /* Pods */,
				056B1A61569128210B02ADF2 /* Frameworks */,
			);
			sourceTree = "<group>";
		};
		A14CC5232A30E57700B5FEC8 /* Products */ = {
			isa = PBXGroup;
			children = (
				A14CC5222A30E57700B5FEC8 /* Prueba pragma.app */,
			);
			name = Products;
			sourceTree = "<group>";
		};
		A14CC5242A30E57700B5FEC8 /* Prueba pragma */ = {
			isa = PBXGroup;
			children = (
				A14CC5432A30EE0600B5FEC8 /* Services */,
				A14CC5422A30EDEA00B5FEC8 /* Views */,
				A14CC5412A30EDD700B5FEC8 /* Resources */,
				A14CC5332A30E57A00B5FEC8 /* Info.plist */,
			);
			path = "Prueba pragma";
			sourceTree = "<group>";
		};
		A14CC5392A30EA2F00B5FEC8 /* CatView */ = {
			isa = PBXGroup;
			children = (
				A12592E32A30F23000945792 /* CatView.xib */,
				A14CC53C2A30EB5C00B5FEC8 /* CatView.swift */,
			);
			path = CatView;
			sourceTree = "<group>";
		};
		A14CC53E2A30ED5500B5FEC8 /* Models */ = {
			isa = PBXGroup;
			children = (
				A14CC53F2A30ED5F00B5FEC8 /* Cat.swift */,
			);
			path = Models;
			sourceTree = "<group>";
		};
		A14CC5412A30EDD700B5FEC8 /* Resources */ = {
			isa = PBXGroup;
			children = (
				A14CC52E2A30E57A00B5FEC8 /* Assets.xcassets */,
				A14CC5252A30E57700B5FEC8 /* AppDelegate.swift */,
				A14CC5272A30E57700B5FEC8 /* SceneDelegate.swift */,
			);
			path = Resources;
			sourceTree = "<group>";
		};
		A14CC5422A30EDEA00B5FEC8 /* Views */ = {
			isa = PBXGroup;
			children = (
				A14CC5302A30E57A00B5FEC8 /* LaunchScreen.storyboard */,
				A14CC5442A30EE1200B5FEC8 /* Principal */,
			);
			path = Views;
			sourceTree = "<group>";
		};
		A14CC5432A30EE0600B5FEC8 /* Services */ = {
			isa = PBXGroup;
			children = (
				A12592E52A30F56A00945792 /* Business */,
				A14CC5452A30EE3200B5FEC8 /* Network */,
				A14CC53E2A30ED5500B5FEC8 /* Models */,
			);
			path = Services;
			sourceTree = "<group>";
		};
		A14CC5442A30EE1200B5FEC8 /* Principal */ = {
			isa = PBXGroup;
			children = (
				A14CC5392A30EA2F00B5FEC8 /* CatView */,
				A14CC5292A30E57700B5FEC8 /* ViewController.swift */,
				A14CC52B2A30E57700B5FEC8 /* Main.storyboard */,
				A14CC54A2A30F02700B5FEC8 /* MainViewModel.swift */,
			);
			path = Principal;
			sourceTree = "<group>";
		};
		A14CC5452A30EE3200B5FEC8 /* Network */ = {
			isa = PBXGroup;
			children = (
				A14CC5462A30EE5A00B5FEC8 /* NetworkManager.swift */,
				A14CC5482A30EF7B00B5FEC8 /* CustomError.swift */,
			);
			path = Network;
			sourceTree = "<group>";
		};
/* End PBXGroup section */

/* Begin PBXNativeTarget section */
		A14CC5212A30E57700B5FEC8 /* Prueba pragma */ = {
			isa = PBXNativeTarget;
			buildConfigurationList = A14CC5362A30E57A00B5FEC8 /* Build configuration list for PBXNativeTarget "Prueba pragma" */;
			buildPhases = (
				7041FCB4B1BBC3B50AF0BAAA /* [CP] Check Pods Manifest.lock */,
				A14CC51E2A30E57700B5FEC8 /* Sources */,
				A14CC51F2A30E57700B5FEC8 /* Frameworks */,
				A14CC5202A30E57700B5FEC8 /* Resources */,
				0713786D4E720D3F32E2C6E6 /* [CP] Embed Pods Frameworks */,
			);
			buildRules = (
			);
			dependencies = (
			);
			name = "Prueba pragma";
			productName = "Prueba pragma";
			productReference = A14CC5222A30E57700B5FEC8 /* Prueba pragma.app */;
			productType = "com.apple.product-type.application";
		};
/* End PBXNativeTarget section */

/* Begin PBXProject section */
		A14CC51A2A30E57700B5FEC8 /* Project object */ = {
			isa = PBXProject;
			attributes = {
				BuildIndependentTargetsInParallel = 1;
				LastSwiftUpdateCheck = 1400;
				LastUpgradeCheck = 1400;
				TargetAttributes = {
					A14CC5212A30E57700B5FEC8 = {
						CreatedOnToolsVersion = 14.0;
					};
				};
			};
			buildConfigurationList = A14CC51D2A30E57700B5FEC8 /* Build configuration list for PBXProject "Prueba pragma" */;
			compatibilityVersion = "Xcode 14.0";
			developmentRegion = en;
			hasScannedForEncodings = 0;
			knownRegions = (
				en,
				Base,
			);
			mainGroup = A14CC5192A30E57700B5FEC8;
			productRefGroup = A14CC5232A30E57700B5FEC8 /* Products */;
			projectDirPath = "";
			projectRoot = "";
			targets = (
				A14CC5212A30E57700B5FEC8 /* Prueba pragma */,
			);
		};
/* End PBXProject section */

/* Begin PBXResourcesBuildPhase section */
		A14CC5202A30E57700B5FEC8 /* Resources */ = {
			isa = PBXResourcesBuildPhase;
			buildActionMask = 2147483647;
			files = (
				A14CC5322A30E57A00B5FEC8 /* LaunchScreen.storyboard in Resources */,
				A14CC52F2A30E57A00B5FEC8 /* Assets.xcassets in Resources */,
				A14CC52D2A30E57700B5FEC8 /* Main.storyboard in Resources */,
				A12592E42A30F23000945792 /* CatView.xib in Resources */,
			);
			runOnlyForDeploymentPostprocessing = 0;
		};
/* End PBXResourcesBuildPhase section */

/* Begin PBXShellScriptBuildPhase section */
		0713786D4E720D3F32E2C6E6 /* [CP] Embed Pods Frameworks */ = {
			isa = PBXShellScriptBuildPhase;
			buildActionMask = 2147483647;
			files = (
			);
			inputFileListPaths = (
				"${PODS_ROOT}/Target Support Files/Pods-Prueba pragma/Pods-Prueba pragma-frameworks-${CONFIGURATION}-input-files.xcfilelist",
			);
			name = "[CP] Embed Pods Frameworks";
			outputFileListPaths = (
				"${PODS_ROOT}/Target Support Files/Pods-Prueba pragma/Pods-Prueba pragma-frameworks-${CONFIGURATION}-output-files.xcfilelist",
			);
			runOnlyForDeploymentPostprocessing = 0;
			shellPath = /bin/sh;
			shellScript = "\"${PODS_ROOT}/Target Support Files/Pods-Prueba pragma/Pods-Prueba pragma-frameworks.sh\"\n";
			showEnvVarsInLog = 0;
		};
		7041FCB4B1BBC3B50AF0BAAA /* [CP] Check Pods Manifest.lock */ = {
			isa = PBXShellScriptBuildPhase;
			buildActionMask = 2147483647;
			files = (
			);
			inputFileListPaths = (
			);
			inputPaths = (
				"${PODS_PODFILE_DIR_PATH}/Podfile.lock",
				"${PODS_ROOT}/Manifest.lock",
			);
			name = "[CP] Check Pods Manifest.lock";
			outputFileListPaths = (
			);
			outputPaths = (
				"$(DERIVED_FILE_DIR)/Pods-Prueba pragma-checkManifestLockResult.txt",
			);
			runOnlyForDeploymentPostprocessing = 0;
			shellPath = /bin/sh;
			shellScript = "diff \"${PODS_PODFILE_DIR_PATH}/Podfile.lock\" \"${PODS_ROOT}/Manifest.lock\" > /dev/null\nif [ $? != 0 ] ; then\n    # print error to STDERR\n    echo \"error: The sandbox is not in sync with the Podfile.lock. Run 'pod install' or update your CocoaPods installation.\" >&2\n    exit 1\nfi\n# This output is used by Xcode 'outputs' to avoid re-running this script phase.\necho \"SUCCESS\" > \"${SCRIPT_OUTPUT_FILE_0}\"\n";
			showEnvVarsInLog = 0;
		};
/* End PBXShellScriptBuildPhase section */

/* Begin PBXSourcesBuildPhase section */
		A14CC51E2A30E57700B5FEC8 /* Sources */ = {
			isa = PBXSourcesBuildPhase;
			buildActionMask = 2147483647;
			files = (
				A12592E72A30F57700945792 /* CatBusiness.swift in Sources */,
				A14CC5492A30EF7B00B5FEC8 /* CustomError.swift in Sources */,
				A14CC5472A30EE5A00B5FEC8 /* NetworkManager.swift in Sources */,
				A14CC52A2A30E57700B5FEC8 /* ViewController.swift in Sources */,
				A14CC5262A30E57700B5FEC8 /* AppDelegate.swift in Sources */,
				A14CC5402A30ED5F00B5FEC8 /* Cat.swift in Sources */,
				A14CC5282A30E57700B5FEC8 /* SceneDelegate.swift in Sources */,
				A14CC53D2A30EB5C00B5FEC8 /* CatView.swift in Sources */,
				A14CC54B2A30F02700B5FEC8 /* MainViewModel.swift in Sources */,
			);
			runOnlyForDeploymentPostprocessing = 0;
		};
/* End PBXSourcesBuildPhase section */

/* Begin PBXVariantGroup section */
		A14CC52B2A30E57700B5FEC8 /* Main.storyboard */ = {
			isa = PBXVariantGroup;
			children = (
				A14CC52C2A30E57700B5FEC8 /* Base */,
			);
			name = Main.storyboard;
			sourceTree = "<group>";
		};
		A14CC5302A30E57A00B5FEC8 /* LaunchScreen.storyboard */ = {
			isa = PBXVariantGroup;
			children = (
				A14CC5312A30E57A00B5FEC8 /* Base */,
			);
			name = LaunchScreen.storyboard;
			sourceTree = "<group>";
		};
/* End PBXVariantGroup section */

/* Begin XCBuildConfiguration section */
		A14CC5342A30E57A00B5FEC8 /* Debug */ = {
			isa = XCBuildConfiguration;
			buildSettings = {
				ALWAYS_SEARCH_USER_PATHS = NO;
				CLANG_ANALYZER_NONNULL = YES;
				CLANG_ANALYZER_NUMBER_OBJECT_CONVERSION = YES_AGGRESSIVE;
				CLANG_CXX_LANGUAGE_STANDARD = "gnu++20";
				CLANG_ENABLE_MODULES = YES;
				CLANG_ENABLE_OBJC_ARC = YES;
				CLANG_ENABLE_OBJC_WEAK = YES;
				CLANG_WARN_BLOCK_CAPTURE_AUTORELEASING = YES;
				CLANG_WARN_BOOL_CONVERSION = YES;
				CLANG_WARN_COMMA = YES;
				CLANG_WARN_CONSTANT_CONVERSION = YES;
				CLANG_WARN_DEPRECATED_OBJC_IMPLEMENTATIONS = YES;
				CLANG_WARN_DIRECT_OBJC_ISA_USAGE = YES_ERROR;
				CLANG_WARN_DOCUMENTATION_COMMENTS = YES;
				CLANG_WARN_EMPTY_BODY = YES;
				CLANG_WARN_ENUM_CONVERSION = YES;
				CLANG_WARN_INFINITE_RECURSION = YES;
				CLANG_WARN_INT_CONVERSION = YES;
				CLANG_WARN_NON_LITERAL_NULL_CONVERSION = YES;
				CLANG_WARN_OBJC_IMPLICIT_RETAIN_SELF = YES;
				CLANG_WARN_OBJC_LITERAL_CONVERSION = YES;
				CLANG_WARN_OBJC_ROOT_CLASS = YES_ERROR;
				CLANG_WARN_QUOTED_INCLUDE_IN_FRAMEWORK_HEADER = YES;
				CLANG_WARN_RANGE_LOOP_ANALYSIS = YES;
				CLANG_WARN_STRICT_PROTOTYPES = YES;
				CLANG_WARN_SUSPICIOUS_MOVE = YES;
				CLANG_WARN_UNGUARDED_AVAILABILITY = YES_AGGRESSIVE;
				CLANG_WARN_UNREACHABLE_CODE = YES;
				CLANG_WARN__DUPLICATE_METHOD_MATCH = YES;
				COPY_PHASE_STRIP = NO;
				DEBUG_INFORMATION_FORMAT = dwarf;
				ENABLE_STRICT_OBJC_MSGSEND = YES;
				ENABLE_TESTABILITY = YES;
				GCC_C_LANGUAGE_STANDARD = gnu11;
				GCC_DYNAMIC_NO_PIC = NO;
				GCC_NO_COMMON_BLOCKS = YES;
				GCC_OPTIMIZATION_LEVEL = 0;
				GCC_PREPROCESSOR_DEFINITIONS = (
					"DEBUG=1",
					"$(inherited)",
				);
				GCC_WARN_64_TO_32_BIT_CONVERSION = YES;
				GCC_WARN_ABOUT_RETURN_TYPE = YES_ERROR;
				GCC_WARN_UNDECLARED_SELECTOR = YES;
				GCC_WARN_UNINITIALIZED_AUTOS = YES_AGGRESSIVE;
				GCC_WARN_UNUSED_FUNCTION = YES;
				GCC_WARN_UNUSED_VARIABLE = YES;
				IPHONEOS_DEPLOYMENT_TARGET = 16.0;
				MTL_ENABLE_DEBUG_INFO = INCLUDE_SOURCE;
				MTL_FAST_MATH = YES;
				ONLY_ACTIVE_ARCH = YES;
				SDKROOT = iphoneos;
				SWIFT_ACTIVE_COMPILATION_CONDITIONS = DEBUG;
				SWIFT_OPTIMIZATION_LEVEL = "-Onone";
			};
			name = Debug;
		};
		A14CC5352A30E57A00B5FEC8 /* Release */ = {
			isa = XCBuildConfiguration;
			buildSettings = {
				ALWAYS_SEARCH_USER_PATHS = NO;
				CLANG_ANALYZER_NONNULL = YES;
				CLANG_ANALYZER_NUMBER_OBJECT_CONVERSION = YES_AGGRESSIVE;
				CLANG_CXX_LANGUAGE_STANDARD = "gnu++20";
				CLANG_ENABLE_MODULES = YES;
				CLANG_ENABLE_OBJC_ARC = YES;
				CLANG_ENABLE_OBJC_WEAK = YES;
				CLANG_WARN_BLOCK_CAPTURE_AUTORELEASING = YES;
				CLANG_WARN_BOOL_CONVERSION = YES;
				CLANG_WARN_COMMA = YES;
				CLANG_WARN_CONSTANT_CONVERSION = YES;
				CLANG_WARN_DEPRECATED_OBJC_IMPLEMENTATIONS = YES;
				CLANG_WARN_DIRECT_OBJC_ISA_USAGE = YES_ERROR;
				CLANG_WARN_DOCUMENTATION_COMMENTS = YES;
				CLANG_WARN_EMPTY_BODY = YES;
				CLANG_WARN_ENUM_CONVERSION = YES;
				CLANG_WARN_INFINITE_RECURSION = YES;
				CLANG_WARN_INT_CONVERSION = YES;
				CLANG_WARN_NON_LITERAL_NULL_CONVERSION = YES;
				CLANG_WARN_OBJC_IMPLICIT_RETAIN_SELF = YES;
				CLANG_WARN_OBJC_LITERAL_CONVERSION = YES;
				CLANG_WARN_OBJC_ROOT_CLASS = YES_ERROR;
				CLANG_WARN_QUOTED_INCLUDE_IN_FRAMEWORK_HEADER = YES;
				CLANG_WARN_RANGE_LOOP_ANALYSIS = YES;
				CLANG_WARN_STRICT_PROTOTYPES = YES;
				CLANG_WARN_SUSPICIOUS_MOVE = YES;
				CLANG_WARN_UNGUARDED_AVAILABILITY = YES_AGGRESSIVE;
				CLANG_WARN_UNREACHABLE_CODE = YES;
				CLANG_WARN__DUPLICATE_METHOD_MATCH = YES;
				COPY_PHASE_STRIP = NO;
				DEBUG_INFORMATION_FORMAT = "dwarf-with-dsym";
				ENABLE_NS_ASSERTIONS = NO;
				ENABLE_STRICT_OBJC_MSGSEND = YES;
				GCC_C_LANGUAGE_STANDARD = gnu11;
				GCC_NO_COMMON_BLOCKS = YES;
				GCC_WARN_64_TO_32_BIT_CONVERSION = YES;
				GCC_WARN_ABOUT_RETURN_TYPE = YES_ERROR;
				GCC_WARN_UNDECLARED_SELECTOR = YES;
				GCC_WARN_UNINITIALIZED_AUTOS = YES_AGGRESSIVE;
				GCC_WARN_UNUSED_FUNCTION = YES;
				GCC_WARN_UNUSED_VARIABLE = YES;
				IPHONEOS_DEPLOYMENT_TARGET = 16.0;
				MTL_ENABLE_DEBUG_INFO = NO;
				MTL_FAST_MATH = YES;
				SDKROOT = iphoneos;
				SWIFT_COMPILATION_MODE = wholemodule;
				SWIFT_OPTIMIZATION_LEVEL = "-O";
				VALIDATE_PRODUCT = YES;
			};
			name = Release;
		};
		A14CC5372A30E57A00B5FEC8 /* Debug */ = {
			isa = XCBuildConfiguration;
			baseConfigurationReference = B2EEE96783DE40FF2659128D /* Pods-Prueba pragma.debug.xcconfig */;
			buildSettings = {
				ASSETCATALOG_COMPILER_APPICON_NAME = AppIcon;
				ASSETCATALOG_COMPILER_GLOBAL_ACCENT_COLOR_NAME = AccentColor;
				CODE_SIGN_STYLE = Automatic;
				CURRENT_PROJECT_VERSION = 1;
				DEVELOPMENT_TEAM = KV2N7Q3B3U;
				GENERATE_INFOPLIST_FILE = YES;
				INFOPLIST_FILE = "Prueba pragma/Info.plist";
				INFOPLIST_KEY_UIApplicationSupportsIndirectInputEvents = YES;
				INFOPLIST_KEY_UILaunchStoryboardName = LaunchScreen;
				INFOPLIST_KEY_UIMainStoryboardFile = Main;
				INFOPLIST_KEY_UISupportedInterfaceOrientations_iPad = "UIInterfaceOrientationPortrait UIInterfaceOrientationPortraitUpsideDown UIInterfaceOrientationLandscapeLeft UIInterfaceOrientationLandscapeRight";
				INFOPLIST_KEY_UISupportedInterfaceOrientations_iPhone = "UIInterfaceOrientationPortrait UIInterfaceOrientationLandscapeLeft UIInterfaceOrientationLandscapeRight";
				LD_RUNPATH_SEARCH_PATHS = (
					"$(inherited)",
					"@executable_path/Frameworks",
				);
				MARKETING_VERSION = 1.0;
				PRODUCT_BUNDLE_IDENTIFIER = "com.prueba.Prueba-pragma";
				PRODUCT_NAME = "$(TARGET_NAME)";
				SWIFT_EMIT_LOC_STRINGS = YES;
				SWIFT_VERSION = 5.0;
				TARGETED_DEVICE_FAMILY = "1,2";
			};
			name = Debug;
		};
		A14CC5382A30E57A00B5FEC8 /* Release */ = {
			isa = XCBuildConfiguration;
			baseConfigurationReference = C19CDD8EBC9047FFAFAB791F /* Pods-Prueba pragma.release.xcconfig */;
			buildSettings = {
				ASSETCATALOG_COMPILER_APPICON_NAME = AppIcon;
				ASSETCATALOG_COMPILER_GLOBAL_ACCENT_COLOR_NAME = AccentColor;
				CODE_SIGN_STYLE = Automatic;
				CURRENT_PROJECT_VERSION = 1;
				DEVELOPMENT_TEAM = KV2N7Q3B3U;
				GENERATE_INFOPLIST_FILE = YES;
				INFOPLIST_FILE = "Prueba pragma/Info.plist";
				INFOPLIST_KEY_UIApplicationSupportsIndirectInputEvents = YES;
				INFOPLIST_KEY_UILaunchStoryboardName = LaunchScreen;
				INFOPLIST_KEY_UIMainStoryboardFile = Main;
				INFOPLIST_KEY_UISupportedInterfaceOrientations_iPad = "UIInterfaceOrientationPortrait UIInterfaceOrientationPortraitUpsideDown UIInterfaceOrientationLandscapeLeft UIInterfaceOrientationLandscapeRight";
				INFOPLIST_KEY_UISupportedInterfaceOrientations_iPhone = "UIInterfaceOrientationPortrait UIInterfaceOrientationLandscapeLeft UIInterfaceOrientationLandscapeRight";
				LD_RUNPATH_SEARCH_PATHS = (
					"$(inherited)",
					"@executable_path/Frameworks",
				);
				MARKETING_VERSION = 1.0;
				PRODUCT_BUNDLE_IDENTIFIER = "com.prueba.Prueba-pragma";
				PRODUCT_NAME = "$(TARGET_NAME)";
				SWIFT_EMIT_LOC_STRINGS = YES;
				SWIFT_VERSION = 5.0;
				TARGETED_DEVICE_FAMILY = "1,2";
			};
			name = Release;
		};
/* End XCBuildConfiguration section */

/* Begin XCConfigurationList section */
		A14CC51D2A30E57700B5FEC8 /* Build configuration list for PBXProject "Prueba pragma" */ = {
			isa = XCConfigurationList;
			buildConfigurations = (
				A14CC5342A30E57A00B5FEC8 /* Debug */,
				A14CC5352A30E57A00B5FEC8 /* Release */,
			);
			defaultConfigurationIsVisible = 0;
			defaultConfigurationName = Release;
		};
		A14CC5362A30E57A00B5FEC8 /* Build configuration list for PBXNativeTarget "Prueba pragma" */ = {
			isa = XCConfigurationList;
			buildConfigurations = (
				A14CC5372A30E57A00B5FEC8 /* Debug */,
				A14CC5382A30E57A00B5FEC8 /* Release */,
			);
			defaultConfigurationIsVisible = 0;
			defaultConfigurationName = Release;
		};
/* End XCConfigurationList section */
	};
	rootObject = A14CC51A2A30E57700B5FEC8 /* Project object */;
}
